lockfileVersion: '9.0'

settings:
  autoInstallPeers: true
  excludeLinksFromLockfile: false

importers:

  .:
    dependencies:
      '@supabase/supabase-js':
        specifier: ^2.99.3
        version: 2.99.3
    devDependencies:
      dotenv:
        specifier: ^17.3.1
        version: 17.3.1
      supabase:
        specifier: ^2.83.0
        version: 2.83.0
      vite:
        specifier: ^8.0.1
        version: 8.0.1(@types/node@25.5.0)

packages:

  '@emnapi/core@1.9.1':
    resolution: {integrity: sha512-mukuNALVsoix/w1BJwFzwXBN/dHeejQtuVzcDsfOEsdpCumXb/E9j8w11h5S54tT1xhifGfbbSm/ICrObRb3KA==}

  '@emnapi/runtime@1.9.1':
    resolution: {integrity: sha512-VYi5+ZVLhpgK4hQ0TAjiQiZ6ol0oe4mBx7mVv7IflsiEp0OWoVsp/+f9Vc1hOhE0TtkORVrI1GvzyreqpgWtkA==}

  '@emnapi/wasi-threads@1.2.0':
    resolution: {integrity: sha512-N10dEJNSsUx41Z6pZsXU8FjPjpBEplgH24sfkmITrBED1/U2Esum9F3lfLrMjKHHjmi557zQn7kR9R+XWXu5Rg==}

  '@isaacs/fs-minipass@4.0.1':
    resolution: {integrity: sha512-wgm9Ehl2jpeqP3zw/7mo3kRHFp5MEDhqAdwy1fTGkHAwnkGOVsgpvQhL8B5n1qlb01jV3n/bI0ZfZp5lWA1k4w==}
    engines: {node: '>=18.0.0'}

  '@napi-rs/wasm-runtime@1.1.1':
    resolution: {integrity: sha512-p64ah1M1ld8xjWv3qbvFwHiFVWrq1yFvV4f7w+mzaqiR4IlSgkqhcRdHwsGgomwzBH51sRY4NEowLxnaBjcW/A==}

  '@oxc-project/types@0.120.0':
    resolution: {integrity: sha512-k1YNu55DuvAip/MGE1FTsIuU3FUCn6v/ujG9V7Nq5Df/kX2CWb13hhwD0lmJGMGqE+bE1MXvv9SZVnMzEXlWcg==}

  '@rolldown/binding-android-arm64@1.0.0-rc.10':
    resolution: {integrity: sha512-jOHxwXhxmFKuXztiu1ORieJeTbx5vrTkcOkkkn2d35726+iwhrY1w/+nYY/AGgF12thg33qC3R1LMBF5tHTZHg==}
    engines: {node: ^20.19.0 || >=22.12.0}
    cpu: [arm64]
    os: [android]

  '@rolldown/binding-darwin-arm64@1.0.0-rc.10':
    resolution: {integrity: sha512-gED05Teg/vtTZbIJBc4VNMAxAFDUPkuO/rAIyyxZjTj1a1/s6z5TII/5yMGZ0uLRCifEtwUQn8OlYzuYc0m70w==}
    engines: {node: ^20.19.0 || >=22.12.0}
    cpu: [arm64]
    os: [darwin]

  '@rolldown/binding-darwin-x64@1.0.0-rc.10':
    resolution: {integrity: sha512-rI15NcM1mA48lqrIxVkHfAqcyFLcQwyXWThy+BQ5+mkKKPvSO26ir+ZDp36AgYoYVkqvMcdS8zOE6SeBsR9e8A==}
    engines: {node: ^20.19.0 || >=22.12.0}
    cpu: [x64]
    os: [darwin]

  '@rolldown/binding-freebsd-x64@1.0.0-rc.10':
    resolution: {integrity: sha512-XZRXHdTa+4ME1MuDVp021+doQ+z6Ei4CCFmNc5/sKbqb8YmkiJdj8QKlV3rCI0AJtAeSB5n0WGPuJWNL9p/L2w==}
    engines: {node: ^20.19.0 || >=22.12.0}
    cpu: [x64]
    os: [freebsd]

  '@rolldown/binding-linux-arm-gnueabihf@1.0.0-rc.10':
    resolution: {integrity: sha512-R0SQMRluISSLzFE20sPWYHVmJdDQnRyc/FzSCN72BqQmh2SOZUFG+N3/vBZpR4C6WpEUVYJLrYUXaj43sJsNLA==}
    engines: {node: ^20.19.0 || >=22.12.0}
    cpu: [arm]
    os: [linux]

  '@rolldown/binding-linux-arm64-gnu@1.0.0-rc.10':
    resolution: {integrity: sha512-Y1reMrV/o+cwpduYhJuOE3OMKx32RMYCidf14y+HssARRmhDuWXJ4yVguDg2R/8SyyGNo+auzz64LnPK9Hq6jg==}
    engines: {node: ^20.19.0 || >=22.12.0}
    cpu: [arm64]
    os: [linux]
    libc: [glibc]

  '@rolldown/binding-linux-arm64-musl@1.0.0-rc.10':
    resolution: {integrity: sha512-vELN+HNb2IzuzSBUOD4NHmP9yrGwl1DVM29wlQvx1OLSclL0NgVWnVDKl/8tEks79EFek/kebQKnNJkIAA4W2g==}
    engines: {node: ^20.19.0 || >=22.12.0}
    cpu: [arm64]
    os: [linux]
    libc: [musl]

  '@rolldown/binding-linux-ppc64-gnu@1.0.0-rc.10':
    resolution: {integrity: sha512-ZqrufYTgzxbHwpqOjzSsb0UV/aV2TFIY5rP8HdsiPTv/CuAgCRjM6s9cYFwQ4CNH+hf9Y4erHW1GjZuZ7WoI7w==}
    engines: {node: ^20.19.0 || >=22.12.0}
    cpu: [ppc64]
    os: [linux]
    libc: [glibc]

  '@rolldown/binding-linux-s390x-gnu@1.0.0-rc.10':
    resolution: {integrity: sha512-gSlmVS1FZJSRicA6IyjoRoKAFK7IIHBs7xJuHRSmjImqk3mPPWbR7RhbnfH2G6bcmMEllCt2vQ/7u9e6bBnByg==}
    engines: {node: ^20.19.0 || >=22.12.0}
    cpu: [s390x]
    os: [linux]
    libc: [glibc]

  '@rolldown/binding-linux-x64-gnu@1.0.0-rc.10':
    resolution: {integrity: sha512-eOCKUpluKgfObT2pHjztnaWEIbUabWzk3qPZ5PuacuPmr4+JtQG4k2vGTY0H15edaTnicgU428XW/IH6AimcQw==}
    engines: {node: ^20.19.0 || >=22.12.0}
    cpu: [x64]
    os: [linux]
    libc: [glibc]

  '@rolldown/binding-linux-x64-musl@1.0.0-rc.10':
    resolution: {integrity: sha512-Xdf2jQbfQowJnLcgYfD/m0Uu0Qj5OdxKallD78/IPPfzaiaI4KRAwZzHcKQ4ig1gtg1SuzC7jovNiM2TzQsBXA==}
    engines: {node: ^20.19.0 || >=22.12.0}
    cpu: [x64]
    os: [linux]
    libc: [musl]

  '@rolldown/binding-openharmony-arm64@1.0.0-rc.10':
    resolution: {integrity: sha512-o1hYe8hLi1EY6jgPFyxQgQ1wcycX+qz8eEbVmot2hFkgUzPxy9+kF0u0NIQBeDq+Mko47AkaFFaChcvZa9UX9Q==}
    engines: {node: ^20.19.0 || >=22.12.0}
    cpu: [arm64]
    os: [openharmony]

  '@rolldown/binding-wasm32-wasi@1.0.0-rc.10':
    resolution: {integrity: sha512-Ugv9o7qYJudqQO5Y5y2N2SOo6S4WiqiNOpuQyoPInnhVzCY+wi/GHltcLHypG9DEUYMB0iTB/huJrpadiAcNcA==}
    engines: {node: '>=14.0.0'}
    cpu: [wasm32]

  '@rolldown/binding-win32-arm64-msvc@1.0.0-rc.10':
    resolution: {integrity: sha512-7UODQb4fQUNT/vmgDZBl3XOBAIOutP5R3O/rkxg0aLfEGQ4opbCgU5vOw/scPe4xOqBwL9fw7/RP1vAMZ6QlAQ==}
    engines: {node: ^20.19.0 || >=22.12.0}
    cpu: [arm64]
    os: [win32]

  '@rolldown/binding-win32-x64-msvc@1.0.0-rc.10':
    resolution: {integrity: sha512-PYxKHMVHOb5NJuDL53vBUl1VwUjymDcYI6rzpIni0C9+9mTiJedvUxSk7/RPp7OOAm3v+EjgMu9bIy3N6b408w==}
    engines: {node: ^20.19.0 || >=22.12.0}
    cpu: [x64]
    os: [win32]

  '@rolldown/pluginutils@1.0.0-rc.10':
    resolution: {integrity: sha512-UkVDEFk1w3mveXeKgaTuYfKWtPbvgck1dT8TUG3bnccrH0XtLTuAyfCoks4Q/M5ZGToSVJTIQYCzy2g/atAOeg==}

  '@supabase/auth-js@2.99.3':
    resolution: {integrity: sha512-vMEVLA1kGGYd/kdsJSwtjiFUZM1nGfrz2DWmgMBZtocV48qL+L2+4QpIkueXyBEumMQZFEyhz57i/5zGHjvdBw==}
    engines: {node: '>=20.0.0'}

  '@supabase/functions-js@2.99.3':
    resolution: {integrity: sha512-6tk2zrcBkzKaaBXPOG5nshn30uJNFGOH9LxOnE8i850eQmsX+jVm7vql9kTPyvUzEHwU4zdjSOkXS9M+9ukMVA==}
    engines: {node: '>=20.0.0'}

  '@supabase/postgrest-js@2.99.3':
    resolution: {integrity: sha512-8HxEf+zNycj7Z8+ONhhlu+7J7Ha+L6weyCtdEeK2mN5OWJbh6n4LPU4iuJ5UlCvvNnbSXMoutY7piITEEAgl2g==}
    engines: {node: '>=20.0.0'}

  '@supabase/realtime-js@2.99.3':
    resolution: {integrity: sha512-c1azgZ2nZPczbY5k5u5iFrk1InpxN81IvNE+UBAkjrBz3yc5ALLJNkeTQwbJZT4PZBuYXEzqYGLMuh9fdTtTMg==}
    engines: {node: '>=20.0.0'}

  '@supabase/storage-js@2.99.3':
    resolution: {integrity: sha512-lOfIm4hInNcd8x0i1LWphnLKxec42wwbjs+vhaVAvR801Vda0UAMbTooUY6gfqgQb8v29GofqKuQMMTAsl6w/w==}
    engines: {node: '>=20.0.0'}

  '@supabase/supabase-js@2.99.3':
    resolution: {integrity: sha512-GuPbzoEaI51AkLw9VGhLNvnzw4PHbS3p8j2/JlvLeZNQMKwZw4aEYQIDBRtFwL5Nv7/275n9m4DHtakY8nCvgg==}
    engines: {node: '>=20.0.0'}

  '@tybys/wasm-util@0.10.1':
    resolution: {integrity: sha512-9tTaPJLSiejZKx+Bmog4uSubteqTvFrVrURwkmHixBo0G4seD0zUxp98E1DzUBJxLQ3NPwXrGKDiVjwx/DpPsg==}

  '@types/node@25.5.0':
    resolution: {integrity: sha512-jp2P3tQMSxWugkCUKLRPVUpGaL5MVFwF8RDuSRztfwgN1wmqJeMSbKlnEtQqU8UrhTmzEmZdu2I6v2dpp7XIxw==}

  '@types/phoenix@1.6.7':
    resolution: {integrity: sha512-oN9ive//QSBkf19rfDv45M7eZPi0eEXylht2OLEXicu5b4KoQ1OzXIw+xDSGWxSxe1JmepRR/ZH283vsu518/Q==}

  '@types/ws@8.18.1':
    resolution: {integrity: sha512-ThVF6DCVhA8kUGy+aazFQ4kXQ7E1Ty7A3ypFOe0IcJV8O/M511G99AW24irKrW56Wt44yG9+ij8FaqoBGkuBXg==}

  agent-base@7.1.4:
    resolution: {integrity: sha512-MnA+YT8fwfJPgBx3m60MNqakm30XOkyIoH1y6huTQvC0PwZG7ki8NacLBcrPbNoo8vEZy7Jpuk7+jMO+CUovTQ==}
    engines: {node: '>= 14'}

  bin-links@6.0.0:
    resolution: {integrity: sha512-X4CiKlcV2GjnCMwnKAfbVWpHa++65th9TuzAEYtZoATiOE2DQKhSp4CJlyLoTqdhBKlXjpXjCTYPNNFS33Fi6w==}
    engines: {node: ^20.17.0 || >=22.9.0}

  chownr@3.0.0:
    resolution: {integrity: sha512-+IxzY9BZOQd/XuYPRmrvEVjF/nqj5kgT4kEq7VofrDoM1MxoRjEWkrCC3EtLi59TVawxTAn+orJwFQcrqEN1+g==}
    engines: {node: '>=18'}

  cmd-shim@8.0.0:
    resolution: {integrity: sha512-Jk/BK6NCapZ58BKUxlSI+ouKRbjH1NLZCgJkYoab+vEHUY3f6OzpNBN9u7HFSv9J6TRDGs4PLOHezoKGaFRSCA==}
    engines: {node: ^20.17.0 || >=22.9.0}

  data-uri-to-buffer@4.0.1:
    resolution: {integrity: sha512-0R9ikRb668HB7QDxT1vkpuUBtqc53YyAwMwGeUFKRojY/NWKvdZ+9UYtRfGmhqNbRkTSVpMbmyhXipFFv2cb/A==}
    engines: {node: '>= 12'}

  debug@4.4.3:
    resolution: {integrity: sha512-RGwwWnwQvkVfavKVt22FGLw+xYSdzARwm0ru6DhTVA3umU5hZc28V3kO4stgYryrTlLpuvgI9GiijltAjNbcqA==}
    engines: {node: '>=6.0'}
    peerDependencies:
      supports-color: '*'
    peerDependenciesMeta:
      supports-color:
        optional: true

  detect-libc@2.1.2:
    resolution: {integrity: sha512-Btj2BOOO83o3WyH59e8MgXsxEQVcarkUOpEYrubB0urwnN10yQ364rsiByU11nZlqWYZm05i/of7io4mzihBtQ==}
    engines: {node: '>=8'}

  dotenv@17.3.1:
    resolution: {integrity: sha512-IO8C/dzEb6O3F9/twg6ZLXz164a2fhTnEWb95H23Dm4OuN+92NmEAlTrupP9VW6Jm3sO26tQlqyvyi4CsnY9GA==}
    engines: {node: '>=12'}

  fdir@6.5.0:
    resolution: {integrity: sha512-tIbYtZbucOs0BRGqPJkshJUYdL+SDH7dVM8gjy+ERp3WAUjLEFJE+02kanyHtwjWOnwrKYBiwAmM0p4kLJAnXg==}
    engines: {node: '>=12.0.0'}
    peerDependencies:
      picomatch: ^3 || ^4
    peerDependenciesMeta:
      picomatch:
        optional: true

  fetch-blob@3.2.0:
    resolution: {integrity: sha512-7yAQpD2UMJzLi1Dqv7qFYnPbaPx7ZfFK6PiIxQ4PfkGPyNyl2Ugx+a/umUonmKqjhM4DnfbMvdX6otXq83soQQ==}
    engines: {node: ^12.20 || >= 14.13}

  formdata-polyfill@4.0.10:
    resolution: {integrity: sha512-buewHzMvYL29jdeQTVILecSaZKnt/RJWjoZCF5OW60Z67/GmSLBkOFM7qh1PI3zFNtJbaZL5eQu1vLfazOwj4g==}
    engines: {node: '>=12.20.0'}

  fsevents@2.3.3:
    resolution: {integrity: sha512-5xoDfX+fL7faATnagmWPpbFtwh/R77WmMMqqHGS65C3vvB0YHrgF+B1YmZ3441tMj5n63k0212XNoJwzlhffQw==}
    engines: {node: ^8.16.0 || ^10.6.0 || >=11.0.0}
    os: [darwin]

  https-proxy-agent@7.0.6:
    resolution: {integrity: sha512-vK9P5/iUfdl95AI+JVyUuIcVtd4ofvtrOr3HNtM2yxC9bnMbEdp3x01OhQNnjb8IJYi38VlTE3mBXwcfvywuSw==}
    engines: {node: '>= 14'}

  iceberg-js@0.8.1:
    resolution: {integrity: sha512-1dhVQZXhcHje7798IVM+xoo/1ZdVfzOMIc8/rgVSijRK38EDqOJoGula9N/8ZI5RD8QTxNQtK/Gozpr+qUqRRA==}
    engines: {node: '>=20.0.0'}

  lightningcss-android-arm64@1.32.0:
    resolution: {integrity: sha512-YK7/ClTt4kAK0vo6w3X+Pnm0D2cf2vPHbhOXdoNti1Ga0al1P4TBZhwjATvjNwLEBCnKvjJc2jQgHXH0NEwlAg==}
    engines: {node: '>= 12.0.0'}
    cpu: [arm64]
    os: [android]

  lightningcss-darwin-arm64@1.32.0:
    resolution: {integrity: sha512-RzeG9Ju5bag2Bv1/lwlVJvBE3q6TtXskdZLLCyfg5pt+HLz9BqlICO7LZM7VHNTTn/5PRhHFBSjk5lc4cmscPQ==}
    engines: {node: '>= 12.0.0'}
    cpu: [arm64]
    os: [darwin]

  lightningcss-darwin-x64@1.32.0:
    resolution: {integrity: sha512-U+QsBp2m/s2wqpUYT/6wnlagdZbtZdndSmut/NJqlCcMLTWp5muCrID+K5UJ6jqD2BFshejCYXniPDbNh73V8w==}
    engines: {node: '>= 12.0.0'}
    cpu: [x64]
    os: [darwin]

  lightningcss-freebsd-x64@1.32.0:
    resolution: {integrity: sha512-JCTigedEksZk3tHTTthnMdVfGf61Fky8Ji2E4YjUTEQX14xiy/lTzXnu1vwiZe3bYe0q+SpsSH/CTeDXK6WHig==}
    engines: {node: '>= 12.0.0'}
    cpu: [x64]
    os: [freebsd]

  lightningcss-linux-arm-gnueabihf@1.32.0:
    resolution: {integrity: sha512-x6rnnpRa2GL0zQOkt6rts3YDPzduLpWvwAF6EMhXFVZXD4tPrBkEFqzGowzCsIWsPjqSK+tyNEODUBXeeVHSkw==}
    engines: {node: '>= 12.0.0'}
    cpu: [arm]
    os: [linux]

  lightningcss-linux-arm64-gnu@1.32.0:
    resolution: {integrity: sha512-0nnMyoyOLRJXfbMOilaSRcLH3Jw5z9HDNGfT/gwCPgaDjnx0i8w7vBzFLFR1f6CMLKF8gVbebmkUN3fa/kQJpQ==}
    engines: {node: '>= 12.0.0'}
    cpu: [arm64]
    os: [linux]
    libc: [glibc]

  lightningcss-linux-arm64-musl@1.32.0:
    resolution: {integrity: sha512-UpQkoenr4UJEzgVIYpI80lDFvRmPVg6oqboNHfoH4CQIfNA+HOrZ7Mo7KZP02dC6LjghPQJeBsvXhJod/wnIBg==}
    engines: {node: '>= 12.0.0'}
    cpu: [arm64]
    os: [linux]
    libc: [musl]

  lightningcss-linux-x64-gnu@1.32.0:
    resolution: {integrity: sha512-V7Qr52IhZmdKPVr+Vtw8o+WLsQJYCTd8loIfpDaMRWGUZfBOYEJeyJIkqGIDMZPwPx24pUMfwSxxI8phr/MbOA==}
    engines: {node: '>= 12.0.0'}
    cpu: [x64]
    os: [linux]
    libc: [glibc]

  lightningcss-linux-x64-musl@1.32.0:
    resolution: {integrity: sha512-bYcLp+Vb0awsiXg/80uCRezCYHNg1/l3mt0gzHnWV9XP1W5sKa5/TCdGWaR/zBM2PeF/HbsQv/j2URNOiVuxWg==}
    engines: {node: '>= 12.0.0'}
    cpu: [x64]
    os: [linux]
    libc: [musl]

  lightningcss-win32-arm64-msvc@1.32.0:
    resolution: {integrity: sha512-8SbC8BR40pS6baCM8sbtYDSwEVQd4JlFTOlaD3gWGHfThTcABnNDBda6eTZeqbofalIJhFx0qKzgHJmcPTnGdw==}
    engines: {node: '>= 12.0.0'}
    cpu: [arm64]
    os: [win32]

  lightningcss-win32-x64-msvc@1.32.0:
    resolution: {integrity: sha512-Amq9B/SoZYdDi1kFrojnoqPLxYhQ4Wo5XiL8EVJrVsB8ARoC1PWW6VGtT0WKCemjy8aC+louJnjS7U18x3b06Q==}
    engines: {node: '>= 12.0.0'}
    cpu: [x64]
    os: [win32]

  lightningcss@1.32.0:
    resolution: {integrity: sha512-NXYBzinNrblfraPGyrbPoD19C1h9lfI/1mzgWYvXUTe414Gz/X1FD2XBZSZM7rRTrMA8JL3OtAaGifrIKhQ5yQ==}
    engines: {node: '>= 12.0.0'}

  minipass@7.1.3:
    resolution: {integrity: sha512-tEBHqDnIoM/1rXME1zgka9g6Q2lcoCkxHLuc7ODJ5BxbP5d4c2Z5cGgtXAku59200Cx7diuHTOYfSBD8n6mm8A==}
    engines: {node: '>=16 || 14 >=14.17'}

  minizlib@3.1.0:
    resolution: {integrity: sha512-KZxYo1BUkWD2TVFLr0MQoM8vUUigWD3LlD83a/75BqC+4qE0Hb1Vo5v1FgcfaNXvfXzr+5EhQ6ing/CaBijTlw==}
    engines: {node: '>= 18'}

  ms@2.1.3:
    resolution: {integrity: sha512-6FlzubTLZG3J2a/NVCAleEhjzq5oxgHyaCU9yYXvcLsvoVaHJq/s5xXI6/XXP6tz7R9xAOtHnSO/tXtF3WRTlA==}

  nanoid@3.3.11:
    resolution: {integrity: sha512-N8SpfPUnUp1bK+PMYW8qSWdl9U+wwNWI4QKxOYDy9JAro3WMX7p2OeVRF9v+347pnakNevPmiHhNmZ2HbFA76w==}
    engines: {node: ^10 || ^12 || ^13.7 || ^14 || >=15.0.1}
    hasBin: true

  node-domexception@1.0.0:
    resolution: {integrity: sha512-/jKZoMpw0F8GRwl4/eLROPA3cfcXtLApP0QzLmUT/HuPCZWyB7IY9ZrMeKw2O/nFIqPQB3PVM9aYm0F312AXDQ==}
    engines: {node: '>=10.5.0'}
    deprecated: Use your platform's native DOMException instead

  node-fetch@3.3.2:
    resolution: {integrity: sha512-dRB78srN/l6gqWulah9SrxeYnxeddIG30+GOqK/9OlLVyLg3HPnr6SqOWTWOXKRwC2eGYCkZ59NNuSgvSrpgOA==}
    engines: {node: ^12.20.0 || ^14.13.1 || >=16.0.0}

  npm-normalize-package-bin@5.0.0:
    resolution: {integrity: sha512-CJi3OS4JLsNMmr2u07OJlhcrPxCeOeP/4xq67aWNai6TNWWbTrlNDgl8NcFKVlcBKp18GPj+EzbNIgrBfZhsag==}
    engines: {node: ^20.17.0 || >=22.9.0}

  picocolors@1.1.1:
    resolution: {integrity: sha512-xceH2snhtb5M9liqDsmEw56le376mTZkEX/jEb/RxNFyegNul7eNslCXP9FDj/Lcu0X8KEyMceP2ntpaHrDEVA==}

  picomatch@4.0.3:
    resolution: {integrity: sha512-5gTmgEY/sqK6gFXLIsQNH19lWb4ebPDLA4SdLP7dsWkIXHWlG66oPuVvXSGFPppYZz8ZDZq0dYYrbHfBCVUb1Q==}
    engines: {node: '>=12'}

  postcss@8.5.8:
    resolution: {integrity: sha512-OW/rX8O/jXnm82Ey1k44pObPtdblfiuWnrd8X7GJ7emImCOstunGbXUpp7HdBrFQX6rJzn3sPT397Wp5aCwCHg==}
    engines: {node: ^10 || ^12 || >=14}

  proc-log@6.1.0:
    resolution: {integrity: sha512-iG+GYldRf2BQ0UDUAd6JQ/RwzaQy6mXmsk/IzlYyal4A4SNFw54MeH4/tLkF4I5WoWG9SQwuqWzS99jaFQHBuQ==}
    engines: {node: ^20.17.0 || >=22.9.0}

  read-cmd-shim@6.0.0:
    resolution: {integrity: sha512-1zM5HuOfagXCBWMN83fuFI/x+T/UhZ7k+KIzhrHXcQoeX5+7gmaDYjELQHmmzIodumBHeByBJT4QYS7ufAgs7A==}
    engines: {node: ^20.17.0 || >=22.9.0}

  rolldown@1.0.0-rc.10:
    resolution: {integrity: sha512-q7j6vvarRFmKpgJUT8HCAUljkgzEp4LAhPlJUvQhA5LA1SUL36s5QCysMutErzL3EbNOZOkoziSx9iZC4FddKA==}
    engines: {node: ^20.19.0 || >=22.12.0}
    hasBin: true

  signal-exit@4.1.0:
    resolution: {integrity: sha512-bzyZ1e88w9O1iNJbKnOlvYTrWPDl46O1bG0D3XInv+9tkPrxrN8jUUTiFlDkkmKWgn1M6CfIA13SuGqOa9Korw==}
    engines: {node: '>=14'}

  source-map-js@1.2.1:
    resolution: {integrity: sha512-UXWMKhLOwVKb728IUtQPXxfYU+usdybtUrK/8uGE8CQMvrhOpwvzDBwj0QhSL7MQc7vIsISBG8VQ8+IDQxpfQA==}
    engines: {node: '>=0.10.0'}

  supabase@2.83.0:
    resolution: {integrity: sha512-80j5YeYMkJqVc5gZGySMxiUJSUcwES6mNqi1nCa9q40qnPftff+LevcdZGLct4xtpaefkTtgmZArPSdq+H2RZQ==}
    engines: {npm: '>=8'}
    hasBin: true

  tar@7.5.11:
    resolution: {integrity: sha512-ChjMH33/KetonMTAtpYdgUFr0tbz69Fp2v7zWxQfYZX4g5ZN2nOBXm1R2xyA+lMIKrLKIoKAwFj93jE/avX9cQ==}
    engines: {node: '>=18'}

  tinyglobby@0.2.15:
    resolution: {integrity: sha512-j2Zq4NyQYG5XMST4cbs02Ak8iJUdxRM0XI5QyxXuZOzKOINmWurp3smXu3y5wDcJrptwpSjgXHzIQxR0omXljQ==}
    engines: {node: '>=12.0.0'}

  tslib@2.8.1:
    resolution: {integrity: sha512-oJFu94HQb+KVduSUQL7wnpmqnfmLsOA/nAh6b6EH0wCEoK0/mPeXU6c3wKDV83MkOuHPRHtSXKKU99IBazS/2w==}

  undici-types@7.18.2:
    resolution: {integrity: sha512-AsuCzffGHJybSaRrmr5eHr81mwJU3kjw6M+uprWvCXiNeN9SOGwQ3Jn8jb8m3Z6izVgknn1R0FTCEAP2QrLY/w==}

  vite@8.0.1:
    resolution: {integrity: sha512-wt+Z2qIhfFt85uiyRt5LPU4oVEJBXj8hZNWKeqFG4gRG/0RaRGJ7njQCwzFVjO+v4+Ipmf5CY7VdmZRAYYBPHw==}
    engines: {node: ^20.19.0 || >=22.12.0}
    hasBin: true
    peerDependencies:
      '@types/node': ^20.19.0 || >=22.12.0
      '@vitejs/devtools': ^0.1.0
      esbuild: ^0.27.0
      jiti: '>=1.21.0'
      less: ^4.0.0
      sass: ^1.70.0
      sass-embedded: ^1.70.0
      stylus: '>=0.54.8'
      sugarss: ^5.0.0
      terser: ^5.16.0
      tsx: ^4.8.1
      yaml: ^2.4.2
    peerDependenciesMeta:
      '@types/node':
        optional: true
      '@vitejs/devtools':
        optional: true
      esbuild:
        optional: true
      jiti:
        optional: true
      less:
        optional: true
      sass:
        optional: true
      sass-embedded:
        optional: true
      stylus:
        optional: true
      sugarss:
        optional: true
      terser:
        optional: true
      tsx:
        optional: true
      yaml:
        optional: true

  web-streams-polyfill@3.3.3:
    resolution: {integrity: sha512-d2JWLCivmZYTSIoge9MsgFCZrt571BikcWGYkjC1khllbTeDlGqZ2D8vD8E/lJa8WGWbb7Plm8/XJYV7IJHZZw==}
    engines: {node: '>= 8'}

  write-file-atomic@7.0.1:
    resolution: {integrity: sha512-OTIk8iR8/aCRWBqvxrzxR0hgxWpnYBblY1S5hDWBQfk/VFmJwzmJgQFN3WsoUKHISv2eAwe+PpbUzyL1CKTLXg==}
    engines: {node: ^20.17.0 || >=22.9.0}

  ws@8.19.0:
    resolution: {integrity: sha512-blAT2mjOEIi0ZzruJfIhb3nps74PRWTCz1IjglWEEpQl5XS/UNama6u2/rjFkDDouqr4L67ry+1aGIALViWjDg==}
    engines: {node: '>=10.0.0'}
    peerDependencies:
      bufferutil: ^4.0.1
      utf-8-validate: '>=5.0.2'
    peerDependenciesMeta:
      bufferutil:
        optional: true
      utf-8-validate:
        optional: true

  yallist@5.0.0:
    resolution: {integrity: sha512-YgvUTfwqyc7UXVMrB+SImsVYSmTS8X/tSrtdNZMImM+n7+QTriRXyXim0mBrTXNeqzVF0KWGgHPeiyViFFrNDw==}
    engines: {node: '>=18'}

snapshots:

  '@emnapi/core@1.9.1':
    dependencies:
      '@emnapi/wasi-threads': 1.2.0
      tslib: 2.8.1
    optional: true

  '@emnapi/runtime@1.9.1':
    dependencies:
      tslib: 2.8.1
    optional: true

  '@emnapi/wasi-threads@1.2.0':
    dependencies:
      tslib: 2.8.1
    optional: true

  '@isaacs/fs-minipass@4.0.1':
    dependencies:
      minipass: 7.1.3

  '@napi-rs/wasm-runtime@1.1.1':
    dependencies:
      '@emnapi/core': 1.9.1
      '@emnapi/runtime': 1.9.1
      '@tybys/wasm-util': 0.10.1
    optional: true

  '@oxc-project/types@0.120.0': {}

  '@rolldown/binding-android-arm64@1.0.0-rc.10':
    optional: true

  '@rolldown/binding-darwin-arm64@1.0.0-rc.10':
    optional: true

  '@rolldown/binding-darwin-x64@1.0.0-rc.10':
    optional: true

  '@rolldown/binding-freebsd-x64@1.0.0-rc.10':
    optional: true

  '@rolldown/binding-linux-arm-gnueabihf@1.0.0-rc.10':
    optional: true

  '@rolldown/binding-linux-arm64-gnu@1.0.0-rc.10':
    optional: true

  '@rolldown/binding-linux-arm64-musl@1.0.0-rc.10':
    optional: true

  '@rolldown/binding-linux-ppc64-gnu@1.0.0-rc.10':
    optional: true

  '@rolldown/binding-linux-s390x-gnu@1.0.0-rc.10':
    optional: true

  '@rolldown/binding-linux-x64-gnu@1.0.0-rc.10':
    optional: true

  '@rolldown/binding-linux-x64-musl@1.0.0-rc.10':
    optional: true

  '@rolldown/binding-openharmony-arm64@1.0.0-rc.10':
    optional: true

  '@rolldown/binding-wasm32-wasi@1.0.0-rc.10':
    dependencies:
      '@napi-rs/wasm-runtime': 1.1.1
    optional: true

  '@rolldown/binding-win32-arm64-msvc@1.0.0-rc.10':
    optional: true

  '@rolldown/binding-win32-x64-msvc@1.0.0-rc.10':
    optional: true

  '@rolldown/pluginutils@1.0.0-rc.10': {}

  '@supabase/auth-js@2.99.3':
    dependencies:
      tslib: 2.8.1

  '@supabase/functions-js@2.99.3':
    dependencies:
      tslib: 2.8.1

  '@supabase/postgrest-js@2.99.3':
    dependencies:
      tslib: 2.8.1

  '@supabase/realtime-js@2.99.3':
    dependencies:
      '@types/phoenix': 1.6.7
      '@types/ws': 8.18.1
      tslib: 2.8.1
      ws: 8.19.0
    transitivePeerDependencies:
      - bufferutil
      - utf-8-validate

  '@supabase/storage-js@2.99.3':
    dependencies:
      iceberg-js: 0.8.1
      tslib: 2.8.1

  '@supabase/supabase-js@2.99.3':
    dependencies:
      '@supabase/auth-js': 2.99.3
      '@supabase/functions-js': 2.99.3
      '@supabase/postgrest-js': 2.99.3
      '@supabase/realtime-js': 2.99.3
      '@supabase/storage-js': 2.99.3
    transitivePeerDependencies:
      - bufferutil
      - utf-8-validate

  '@tybys/wasm-util@0.10.1':
    dependencies:
      tslib: 2.8.1
    optional: true

  '@types/node@25.5.0':
    dependencies:
      undici-types: 7.18.2

  '@types/phoenix@1.6.7': {}

  '@types/ws@8.18.1':
    dependencies:
      '@types/node': 25.5.0

  agent-base@7.1.4: {}

  bin-links@6.0.0:
    dependencies:
      cmd-shim: 8.0.0
      npm-normalize-package-bin: 5.0.0
      proc-log: 6.1.0
      read-cmd-shim: 6.0.0
      write-file-atomic: 7.0.1

  chownr@3.0.0: {}

  cmd-shim@8.0.0: {}

  data-uri-to-buffer@4.0.1: {}

  debug@4.4.3:
    dependencies:
      ms: 2.1.3

  detect-libc@2.1.2: {}

  dotenv@17.3.1: {}

  fdir@6.5.0(picomatch@4.0.3):
    optionalDependencies:
      picomatch: 4.0.3

  fetch-blob@3.2.0:
    dependencies:
      node-domexception: 1.0.0
      web-streams-polyfill: 3.3.3

  formdata-polyfill@4.0.10:
    dependencies:
      fetch-blob: 3.2.0

  fsevents@2.3.3:
    optional: true

  https-proxy-agent@7.0.6:
    dependencies:
      agent-base: 7.1.4
      debug: 4.4.3
    transitivePeerDependencies:
      - supports-color

  iceberg-js@0.8.1: {}

  lightningcss-android-arm64@1.32.0:
    optional: true

  lightningcss-darwin-arm64@1.32.0:
    optional: true

  lightningcss-darwin-x64@1.32.0:
    optional: true

  lightningcss-freebsd-x64@1.32.0:
    optional: true

  lightningcss-linux-arm-gnueabihf@1.32.0:
    optional: true

  lightningcss-linux-arm64-gnu@1.32.0:
    optional: true

  lightningcss-linux-arm64-musl@1.32.0:
    optional: true

  lightningcss-linux-x64-gnu@1.32.0:
    optional: true

  lightningcss-linux-x64-musl@1.32.0:
    optional: true

  lightningcss-win32-arm64-msvc@1.32.0:
    optional: true

  lightningcss-win32-x64-msvc@1.32.0:
    optional: true

  lightningcss@1.32.0:
    dependencies:
      detect-libc: 2.1.2
    optionalDependencies:
      lightningcss-android-arm64: 1.32.0
      lightningcss-darwin-arm64: 1.32.0
      lightningcss-darwin-x64: 1.32.0
      lightningcss-freebsd-x64: 1.32.0
      lightningcss-linux-arm-gnueabihf: 1.32.0
      lightningcss-linux-arm64-gnu: 1.32.0
      lightningcss-linux-arm64-musl: 1.32.0
      lightningcss-linux-x64-gnu: 1.32.0
      lightningcss-linux-x64-musl: 1.32.0
      lightningcss-win32-arm64-msvc: 1.32.0
      lightningcss-win32-x64-msvc: 1.32.0

  minipass@7.1.3: {}

  minizlib@3.1.0:
    dependencies:
      minipass: 7.1.3

  ms@2.1.3: {}

  nanoid@3.3.11: {}

  node-domexception@1.0.0: {}

  node-fetch@3.3.2:
    dependencies:
      data-uri-to-buffer: 4.0.1
      fetch-blob: 3.2.0
      formdata-polyfill: 4.0.10

  npm-normalize-package-bin@5.0.0: {}

  picocolors@1.1.1: {}

  picomatch@4.0.3: {}

  postcss@8.5.8:
    dependencies:
      nanoid: 3.3.11
      picocolors: 1.1.1
      source-map-js: 1.2.1

  proc-log@6.1.0: {}

  read-cmd-shim@6.0.0: {}

  rolldown@1.0.0-rc.10:
    dependencies:
      '@oxc-project/types': 0.120.0
      '@rolldown/pluginutils': 1.0.0-rc.10
    optionalDependencies:
      '@rolldown/binding-android-arm64': 1.0.0-rc.10
      '@rolldown/binding-darwin-arm64': 1.0.0-rc.10
      '@rolldown/binding-darwin-x64': 1.0.0-rc.10
      '@rolldown/binding-freebsd-x64': 1.0.0-rc.10
      '@rolldown/binding-linux-arm-gnueabihf': 1.0.0-rc.10
      '@rolldown/binding-linux-arm64-gnu': 1.0.0-rc.10
      '@rolldown/binding-linux-arm64-musl': 1.0.0-rc.10
      '@rolldown/binding-linux-ppc64-gnu': 1.0.0-rc.10
      '@rolldown/binding-linux-s390x-gnu': 1.0.0-rc.10
      '@rolldown/binding-linux-x64-gnu': 1.0.0-rc.10
      '@rolldown/binding-linux-x64-musl': 1.0.0-rc.10
      '@rolldown/binding-openharmony-arm64': 1.0.0-rc.10
      '@rolldown/binding-wasm32-wasi': 1.0.0-rc.10
      '@rolldown/binding-win32-arm64-msvc': 1.0.0-rc.10
      '@rolldown/binding-win32-x64-msvc': 1.0.0-rc.10

  signal-exit@4.1.0: {}

  source-map-js@1.2.1: {}

  supabase@2.83.0:
    dependencies:
      bin-links: 6.0.0
      https-proxy-agent: 7.0.6
      node-fetch: 3.3.2
      tar: 7.5.11
    transitivePeerDependencies:
      - supports-color

  tar@7.5.11:
    dependencies:
      '@isaacs/fs-minipass': 4.0.1
      chownr: 3.0.0
      minipass: 7.1.3
      minizlib: 3.1.0
      yallist: 5.0.0

  tinyglobby@0.2.15:
    dependencies:
      fdir: 6.5.0(picomatch@4.0.3)
      picomatch: 4.0.3

  tslib@2.8.1: {}

  undici-types@7.18.2: {}

  vite@8.0.1(@types/node@25.5.0):
    dependencies:
      lightningcss: 1.32.0
      picomatch: 4.0.3
      postcss: 8.5.8
      rolldown: 1.0.0-rc.10
      tinyglobby: 0.2.15
    optionalDependencies:
      '@types/node': 25.5.0
      fsevents: 2.3.3

  web-streams-polyfill@3.3.3: {}

  write-file-atomic@7.0.1:
    dependencies:
      signal-exit: 4.1.0

  ws@8.19.0: {}

  yallist@5.0.0: {}
